
Microsoft Visual Studio Solution File, Format Version 12.00
# Visual Studio Version 17
VisualStudioVersion = 17.12.35707.178 d17.12
MinimumVisualStudioVersion = 10.0.40219.1
Project("{FAE04EC0-301F-11D3-BF4B-00C04F79EFBC}") = "AlexRepetition", "AlexRepetition\AlexRepetition.csproj", "{8D34CC0F-9D15-4A3B-8589-D9234E3C57AB}"
EndProject
Project("{FAE04EC0-301F-11D3-BF4B-00C04F79EFBC}") = "Opgave 1", "Opgave 1\Opgave 1.csproj", "{E784A700-5F35-4EF1-A59E-5C53D84E800C}"
EndProject
Project("{FAE04EC0-301F-11D3-BF4B-00C04F79EFBC}") = "Opgave 2", "Opgave 2\Opgave 2.csproj", "{A968BC1D-73AB-4115-91C8-344B928652BA}"
EndProject
Project("{FAE04EC0-301F-11D3-BF4B-00C04F79EFBC}") = "Opgave 3", "Opgave 3\Opgave 3.csproj", "{20D8AA07-D736-4B18-833F-3663381661BA}"
EndProject
Project("{FAE04EC0-301F-11D3-BF4B-00C04F79EFBC}") = "Opgave 4", "Opgave 4\Opgave 4.csproj", "{B1F203A7-E59B-4913-A777-C8D98F2E50F4}"
EndProject
Project("{FAE04EC0-301F-11D3-BF4B-00C04F79EFBC}") = "Opgave 5", "Opgave 5\Opgave 5.csproj", "{14F00123-70A6-41C2-9503-62B265E7E22F}"
EndProject
Project("{FAE04EC0-301F-11D3-BF4B-00C04F79EFBC}") = "Opgave 6", "Opgave 6\Opgave 6.csproj", "{67A7E61B-0D5E-4FFE-A7B3-D2227C644BB2}"
EndProject
Project("{FAE04EC0-301F-11D3-BF4B-00C04F79EFBC}") = "Opgave 7", "Opgave 7\Opgave 7.csproj", "{E431D5DA-E50C-4BBF-B9B7-8F0EE47E6D3E}"
EndProject
Project("{FAE04EC0-301F-11D3-BF4B-00C04F79EFBC}") = "Opgave 8", "Opgave 8\Opgave 8.csproj", "{4F4D0886-3F14-4587-9B2D-916606C6D59A}"
EndProject
Project("{FAE04EC0-301F-11D3-BF4B-00C04F79EFBC}") = "Opgave 9", "Opgave 9\Opgave 9.csproj", "{44284B21-B9FA-45DF-A25D-B60678A1DE13}"
EndProject
Project("{FAE04EC0-301F-11D3-BF4B-00C04F79EFBC}") = "Opgave 10", "Opgave 10\Opgave 10.csproj", "{16F4818B-40FD-498D-B69B-FEFF78504937}"
EndProject
Project("{FAE04EC0-301F-11D3-BF4B-00C04F79EFBC}") = "Opgave 11", "Opgave 11\Opgave 11.csproj", "{AED31E4D-C33B-4361-BBC7-C2C528676DE5}"
EndProject
Project("{FAE04EC0-301F-11D3-BF4B-00C04F79EFBC}") = "Opgave 12", "Opgave 12\Opgave 12.csproj", "{F51C27AD-7DE7-405E-80C8-71A6B84044EF}"
EndProject
Project("{FAE04EC0-301F-11D3-BF4B-00C04F79EFBC}") = "Opgave 13", "Opgave 13\Opgave 13.csproj", "{C1C51269-21D3-488C-BBC3-354B090EDBAE}"
EndProject
Project("{FAE04EC0-301F-11D3-BF4B-00C04F79EFBC}") = "Opgave 14", "Opgave 14\Opgave 14.csproj", "{97F3584D-D0A3-48B2-8DD7-67D9443ED026}"
EndProject
Project("{FAE04EC0-301F-11D3-BF4B-00C04F79EFBC}") = "Opgave 15", "Opgave 15\Opgave 15.csproj", "{F04A7DE0-3766-4A04-9C4A-A037F8E492F2}"
EndProject
Project("{FAE04EC0-301F-11D3-BF4B-00C04F79EFBC}") = "Opgave 16", "Opgave 16\Opgave 16.csproj", "{A6751C5E-D58D-4E2C-AAC9-097889888AC5}"
EndProject
Project("{FAE04EC0-301F-11D3-BF4B-00C04F79EFBC}") = "Opgave 17", "Opgave 17\Opgave 17.csproj", "{D42AD882-F5AB-43A0-9BD4-33FC2C9FE7F1}"
EndProject
Project("{FAE04EC0-301F-11D3-BF4B-00C04F79EFBC}") = "Opgave 18", "Opgave 18\Opgave 18.csproj", "{A3080BEF-2660-4188-BCDD-2120528AFBD0}"
EndProject
Project("{FAE04EC0-301F-11D3-BF4B-00C04F79EFBC}") = "Opgave 19", "Opgave 19\Opgave 19.csproj", "{8CEC9C17-6DCC-4901-A7DF-C2BB3C5A4B0E}"
EndProject
Global
	GlobalSection(SolutionConfigurationPlatforms) = preSolution
		Debug|Any CPU = Debug|Any CPU
		Release|Any CPU = Release|Any CPU
	EndGlobalSection
	GlobalSection(ProjectConfigurationPlatforms) = postSolution
		{8D34CC0F-9D15-4A3B-8589-D9234E3C57AB}.Debug|Any CPU.ActiveCfg = Debug|Any CPU
		{8D34CC0F-9D15-4A3B-8589-D9234E3C57AB}.Debug|Any CPU.Build.0 = Debug|Any CPU
		{8D34CC0F-9D15-4A3B-8589-D9234E3C57AB}.Release|Any CPU.ActiveCfg = Release|Any CPU
		{8D34CC0F-9D15-4A3B-8589-D9234E3C57AB}.Release|Any CPU.Build.0 = Release|Any CPU
		{E784A700-5F35-4EF1-A59E-5C53D84E800C}.Debug|Any CPU.ActiveCfg = Debug|Any CPU
		{E784A700-5F35-4EF1-A59E-5C53D84E800C}.Debug|Any CPU.Build.0 = Debug|Any CPU
		{E784A700-5F35-4EF1-A59E-5C53D84E800C}.Release|Any CPU.ActiveCfg = Release|Any CPU
		{E784A700-5F35-4EF1-A59E-5C53D84E800C}.Release|Any CPU.Build.0 = Release|Any CPU
		{A968BC1D-73AB-4115-91C8-344B928652BA}.Debug|Any CPU.ActiveCfg = Debug|Any CPU
		{A968BC1D-73AB-4115-91C8-344B928652BA}.Debug|Any CPU.Build.0 = Debug|Any CPU
		{A968BC1D-73AB-4115-91C8-344B928652BA}.Release|Any CPU.ActiveCfg = Release|Any CPU
		{A968BC1D-73AB-4115-91C8-344B928652BA}.Release|Any CPU.Build.0 = Release|Any CPU
		{20D8AA07-D736-4B18-833F-3663381661BA}.Debug|Any CPU.ActiveCfg = Debug|Any CPU
		{20D8AA07-D736-4B18-833F-3663381661BA}.Debug|Any CPU.Build.0 = Debug|Any CPU
		{20D8AA07-D736-4B18-833F-3663381661BA}.Release|Any CPU.ActiveCfg = Release|Any CPU
		{20D8AA07-D736-4B18-833F-3663381661BA}.Release|Any CPU.Build.0 = Release|Any CPU
		{B1F203A7-E59B-4913-A777-C8D98F2E50F4}.Debug|Any CPU.ActiveCfg = Debug|Any CPU
		{B1F203A7-E59B-4913-A777-C8D98F2E50F4}.Debug|Any CPU.Build.0 = Debug|Any CPU
		{B1F203A7-E59B-4913-A777-C8D98F2E50F4}.Release|Any CPU.ActiveCfg = Release|Any CPU
		{B1F203A7-E59B-4913-A777-C8D98F2E50F4}.Release|Any CPU.Build.0 = Release|Any CPU
		{14F00123-70A6-41C2-9503-62B265E7E22F}.Debug|Any CPU.ActiveCfg = Debug|Any CPU
		{14F00123-70A6-41C2-9503-62B265E7E22F}.Debug|Any CPU.Build.0 = Debug|Any CPU
		{14F00123-70A6-41C2-9503-62B265E7E22F}.Release|Any CPU.ActiveCfg = Release|Any CPU
		{14F00123-70A6-41C2-9503-62B265E7E22F}.Release|Any CPU.Build.0 = Release|Any CPU
		{67A7E61B-0D5E-4FFE-A7B3-D2227C644BB2}.Debug|Any CPU.ActiveCfg = Debug|Any CPU
		{67A7E61B-0D5E-4FFE-A7B3-D2227C644BB2}.Debug|Any CPU.Build.0 = Debug|Any CPU
		{67A7E61B-0D5E-4FFE-A7B3-D2227C644BB2}.Release|Any CPU.ActiveCfg = Release|Any CPU
		{67A7E61B-0D5E-4FFE-A7B3-D2227C644BB2}.Release|Any CPU.Build.0 = Release|Any CPU
		{E431D5DA-E50C-4BBF-B9B7-8F0EE47E6D3E}.Debug|Any CPU.ActiveCfg = Debug|Any CPU
		{E431D5DA-E50C-4BBF-B9B7-8F0EE47E6D3E}.Debug|Any CPU.Build.0 = Debug|Any CPU
		{E431D5DA-E50C-4BBF-B9B7-8F0EE47E6D3E}.Release|Any CPU.ActiveCfg = Release|Any CPU
		{E431D5DA-E50C-4BBF-B9B7-8F0EE47E6D3E}.Release|Any CPU.Build.0 = Release|Any CPU
		{4F4D0886-3F14-4587-9B2D-916606C6D59A}.Debug|Any CPU.ActiveCfg = Debug|Any CPU
		{4F4D0886-3F14-4587-9B2D-916606C6D59A}.Debug|Any CPU.Build.0 = Debug|Any CPU
		{4F4D0886-3F14-4587-9B2D-916606C6D59A}.Release|Any CPU.ActiveCfg = Release|Any CPU
		{4F4D0886-3F14-4587-9B2D-916606C6D59A}.Release|Any CPU.Build.0 = Release|Any CPU
		{44284B21-B9FA-45DF-A25D-B60678A1DE13}.Debug|Any CPU.ActiveCfg = Debug|Any CPU
		{44284B21-B9FA-45DF-A25D-B60678A1DE13}.Debug|Any CPU.Build.0 = Debug|Any CPU
		{44284B21-B9FA-45DF-A25D-B60678A1DE13}.Release|Any CPU.ActiveCfg = Release|Any CPU
		{44284B21-B9FA-45DF-A25D-B60678A1DE13}.Release|Any CPU.Build.0 = Release|Any CPU
		{16F4818B-40FD-498D-B69B-FEFF78504937}.Debug|Any CPU.ActiveCfg = Debug|Any CPU
		{16F4818B-40FD-498D-B69B-FEFF78504937}.Debug|Any CPU.Build.0 = Debug|Any CPU
		{16F4818B-40FD-498D-B69B-FEFF78504937}.Release|Any CPU.ActiveCfg = Release|Any CPU
		{16F4818B-40FD-498D-B69B-FEFF78504937}.Release|Any CPU.Build.0 = Release|Any CPU
		{AED31E4D-C33B-4361-BBC7-C2C528676DE5}.Debug|Any CPU.ActiveCfg = Debug|Any CPU
		{AED31E4D-C33B-4361-BBC7-C2C528676DE5}.Debug|Any CPU.Build.0 = Debug|Any CPU
		{AED31E4D-C33B-4361-BBC7-C2C528676DE5}.Release|Any CPU.ActiveCfg = Release|Any CPU
		{AED31E4D-C33B-4361-BBC7-C2C528676DE5}.Release|Any CPU.Build.0 = Release|Any CPU
		{F51C27AD-7DE7-405E-80C8-71A6B84044EF}.Debug|Any CPU.ActiveCfg = Debug|Any CPU
		{F51C27AD-7DE7-405E-80C8-71A6B84044EF}.Debug|Any CPU.Build.0 = Debug|Any CPU
		{F51C27AD-7DE7-405E-80C8-71A6B84044EF}.Release|Any CPU.ActiveCfg = Release|Any CPU
		{F51C27AD-7DE7-405E-80C8-71A6B84044EF}.Release|Any CPU.Build.0 = Release|Any CPU
		{C1C51269-21D3-488C-BBC3-354B090EDBAE}.Debug|Any CPU.ActiveCfg = Debug|Any CPU
		{C1C51269-21D3-488C-BBC3-354B090EDBAE}.Debug|Any CPU.Build.0 = Debug|Any CPU
		{C1C51269-21D3-488C-BBC3-354B090EDBAE}.Release|Any CPU.ActiveCfg = Release|Any CPU
		{C1C51269-21D3-488C-BBC3-354B090EDBAE}.Release|Any CPU.Build.0 = Release|Any CPU
		{97F3584D-D0A3-48B2-8DD7-67D9443ED026}.Debug|Any CPU.ActiveCfg = Debug|Any CPU
		{97F3584D-D0A3-48B2-8DD7-67D9443ED026}.Debug|Any CPU.Build.0 = Debug|Any CPU
		{97F3584D-D0A3-48B2-8DD7-67D9443ED026}.Release|Any CPU.ActiveCfg = Release|Any CPU
		{97F3584D-D0A3-48B2-8DD7-67D9443ED026}.Release|Any CPU.Build.0 = Release|Any CPU
		{F04A7DE0-3766-4A04-9C4A-A037F8E492F2}.Debug|Any CPU.ActiveCfg = Debug|Any CPU
		{F04A7DE0-3766-4A04-9C4A-A037F8E492F2}.Debug|Any CPU.Build.0 = Debug|Any CPU
		{F04A7DE0-3766-4A04-9C4A-A037F8E492F2}.Release|Any CPU.ActiveCfg = Release|Any CPU
		{F04A7DE0-3766-4A04-9C4A-A037F8E492F2}.Release|Any CPU.Build.0 = Release|Any CPU
		{A6751C5E-D58D-4E2C-AAC9-097889888AC5}.Debug|Any CPU.ActiveCfg = Debug|Any CPU
		{A6751C5E-D58D-4E2C-AAC9-097889888AC5}.Debug|Any CPU.Build.0 = Debug|Any CPU
		{A6751C5E-D58D-4E2C-AAC9-097889888AC5}.Release|Any CPU.ActiveCfg = Release|Any CPU
		{A6751C5E-D58D-4E2C-AAC9-097889888AC5}.Release|Any CPU.Build.0 = Release|Any CPU
		{D42AD882-F5AB-43A0-9BD4-33FC2C9FE7F1}.Debug|Any CPU.ActiveCfg = Debug|Any CPU
		{D42AD882-F5AB-43A0-9BD4-33FC2C9FE7F1}.Debug|Any CPU.Build.0 = Debug|Any CPU
		{D42AD882-F5AB-43A0-9BD4-33FC2C9FE7F1}.Release|Any CPU.ActiveCfg = Release|Any CPU
		{D42AD882-F5AB-43A0-9BD4-33FC2C9FE7F1}.Release|Any CPU.Build.0 = Release|Any CPU
		{A3080BEF-2660-4188-BCDD-2120528AFBD0}.Debug|Any CPU.ActiveCfg = Debug|Any CPU
		{A3080BEF-2660-4188-BCDD-2120528AFBD0}.Debug|Any CPU.Build.0 = Debug|Any CPU
		{A3080BEF-2660-4188-BCDD-2120528AFBD0}.Release|Any CPU.ActiveCfg = Release|Any CPU
		{A3080BEF-2660-4188-BCDD-2120528AFBD0}.Release|Any CPU.Build.0 = Release|Any CPU
		{8CEC9C17-6DCC-4901-A7DF-C2BB3C5A4B0E}.Debug|Any CPU.ActiveCfg = Debug|Any CPU
		{8CEC9C17-6DCC-4901-A7DF-C2BB3C5A4B0E}.Debug|Any CPU.Build.0 = Debug|Any CPU
		{8CEC9C17-6DCC-4901-A7DF-C2BB3C5A4B0E}.Release|Any CPU.ActiveCfg = Release|Any CPU
		{8CEC9C17-6DCC-4901-A7DF-C2BB3C5A4B0E}.Release|Any CPU.Build.0 = Release|Any CPU
	EndGlobalSection
	GlobalSection(SolutionProperties) = preSolution
		HideSolutionNode = FALSE
	EndGlobalSection
EndGlobal
